
Microsoft Visual Studio Solution File, Format Version 12.00
# Visual Studio Version 16
VisualStudioVersion = 16.0.30907.101
MinimumVisualStudioVersion = 10.0.40219.1
Project("{888888A0-9F3D-457C-B088-3A5042F75D52}") = "Calculator", "Calculator\Calculator.pyproj", "{35DEF46A-1463-4FED-9EBC-34F4F07A3096}"
EndProject
Global
	GlobalSection(SolutionConfigurationPlatforms) = preSolution
		Debug|Any CPU = Debug|Any CPU
		Release|Any CPU = Release|Any CPU
	EndGlobalSection
	GlobalSection(ProjectConfigurationPlatforms) = postSolution
		{35DEF46A-1463-4FED-9EBC-34F4F07A3096}.Debug|Any CPU.ActiveCfg = Debug|Any CPU
		{35DEF46A-1463-4FED-9EBC-34F4F07A3096}.Release|Any CPU.ActiveCfg = Release|Any CPU
	EndGlobalSection
	GlobalSection(SolutionProperties) = preSolution
		HideSolutionNode = FALSE
	EndGlobalSection
	GlobalSection(ExtensibilityGlobals) = postSolution
		SolutionGuid = {8B39AE37-579C-4AE0-936A-D1D0091BBCA1}
	EndGlobalSection
EndGlobal
